// !$*UTF8*$!
{
	archiveVersion = 1;
	classes = {
	};
	objectVersion = 50;
	objects = {

/* Begin PBXBuildFile section */
		6C29A19026DD3EF900590C06 /* AppDelegate.swift in Sources */ = {isa = PBXBuildFile; fileRef = 6C29A18F26DD3EF900590C06 /* AppDelegate.swift */; };
		6C29A19226DD3EF900590C06 /* SceneDelegate.swift in Sources */ = {isa = PBXBuildFile; fileRef = 6C29A19126DD3EF900590C06 /* SceneDelegate.swift */; };
		6C29A19426DD3EF900590C06 /* ViewController.swift in Sources */ = {isa = PBXBuildFile; fileRef = 6C29A19326DD3EF900590C06 /* ViewController.swift */; };
		6C29A19726DD3EF900590C06 /* Main.storyboard in Resources */ = {isa = PBXBuildFile; fileRef = 6C29A19526DD3EF900590C06 /* Main.storyboard */; };
		6C29A19926DD3F1C00590C06 /* Assets.xcassets in Resources */ = {isa = PBXBuildFile; fileRef = 6C29A19826DD3F1C00590C06 /* Assets.xcassets */; };
		6C29A19C26DD3F1C00590C06 /* LaunchScreen.storyboard in Resources */ = {isa = PBXBuildFile; fileRef = 6C29A19A26DD3F1C00590C06 /* LaunchScreen.storyboard */; };
		6C29A1A726DD3F2000590C06 /* Mini_gameTests.swift in Sources */ = {isa = PBXBuildFile; fileRef = 6C29A1A626DD3F2000590C06 /* Mini_gameTests.swift */; };
		6C29A1B226DD3F2100590C06 /* Mini_gameUITests.swift in Sources */ = {isa = PBXBuildFile; fileRef = 6C29A1B126DD3F2100590C06 /* Mini_gameUITests.swift */; };
/* End PBXBuildFile section */

/* Begin PBXContainerItemProxy section */
		6C29A1A326DD3F2000590C06 /* PBXContainerItemProxy */ = {
			isa = PBXContainerItemProxy;
			containerPortal = 6C29A18426DD3EF900590C06 /* Project object */;
			proxyType = 1;
			remoteGlobalIDString = 6C29A18B26DD3EF900590C06;
			remoteInfo = "Mini game";
		};
		6C29A1AE26DD3F2100590C06 /* PBXContainerItemProxy */ = {
			isa = PBXContainerItemProxy;
			containerPortal = 6C29A18426DD3EF900590C06 /* Project object */;
			proxyType = 1;
			remoteGlobalIDString = 6C29A18B26DD3EF900590C06;
			remoteInfo = "Mini game";
		};
/* End PBXContainerItemProxy section */

/* Begin PBXFileReference section */
		6C29A18C26DD3EF900590C06 /* Mini game.app */ = {isa = PBXFileReference; explicitFileType = wrapper.application; includeInIndex = 0; path = "Mini game.app"; sourceTree = BUILT_PRODUCTS_DIR; };
		6C29A18F26DD3EF900590C06 /* AppDelegate.swift */ = {isa = PBXFileReference; lastKnownFileType = sourcecode.swift; path = AppDelegate.swift; sourceTree = "<group>"; };
		6C29A19126DD3EF900590C06 /* SceneDelegate.swift */ = {isa = PBXFileReference; lastKnownFileType = sourcecode.swift; path = SceneDelegate.swift; sourceTree = "<group>"; };
		6C29A19326DD3EF900590C06 /* ViewController.swift */ = {isa = PBXFileReference; lastKnownFileType = sourcecode.swift; path = ViewController.swift; sourceTree = "<group>"; };
		6C29A19626DD3EF900590C06 /* Base */ = {isa = PBXFileReference; lastKnownFileType = file.storyboard; name = Base; path = Base.lproj/Main.storyboard; sourceTree = "<group>"; };
		6C29A19826DD3F1C00590C06 /* Assets.xcassets */ = {isa = PBXFileReference; lastKnownFileType = folder.assetcatalog; path = Assets.xcassets; sourceTree = "<group>"; };
		6C29A19B26DD3F1C00590C06 /* Base */ = {isa = PBXFileReference; lastKnownFileType = file.storyboard; name = Base; path = Base.lproj/LaunchScreen.storyboard; sourceTree = "<group>"; };
		6C29A19D26DD3F1C00590C06 /* Info.plist */ = {isa = PBXFileReference; lastKnownFileType = text.plist.xml; path = Info.plist; sourceTree = "<group>"; };
		6C29A1A226DD3F2000590C06 /* Mini gameTests.xctest */ = {isa = PBXFileReference; explicitFileType = wrapper.cfbundle; includeInIndex = 0; path = "Mini gameTests.xctest"; sourceTree = BUILT_PRODUCTS_DIR; };
		6C29A1A626DD3F2000590C06 /* Mini_gameTests.swift */ = {isa = PBXFileReference; lastKnownFileType = sourcecode.swift; path = Mini_gameTests.swift; sourceTree = "<group>"; };
		6C29A1A826DD3F2000590C06 /* Info.plist */ = {isa = PBXFileReference; lastKnownFileType = text.plist.xml; path = Info.plist; sourceTree = "<group>"; };
		6C29A1AD26DD3F2100590C06 /* Mini gameUITests.xctest */ = {isa = PBXFileReference; explicitFileType = wrapper.cfbundle; includeInIndex = 0; path = "Mini gameUITests.xctest"; sourceTree = BUILT_PRODUCTS_DIR; };
		6C29A1B126DD3F2100590C06 /* Mini_gameUITests.swift */ = {isa = PBXFileReference; lastKnownFileType = sourcecode.swift; path = Mini_gameUITests.swift; sourceTree = "<group>"; };
		6C29A1B326DD3F2100590C06 /* Info.plist */ = {isa = PBXFileReference; lastKnownFileType = text.plist.xml; path = Info.plist; sourceTree = "<group>"; };
/* End PBXFileReference section */

/* Begin PBXFrameworksBuildPhase section */
		6C29A18926DD3EF900590C06 /* Frameworks */ = {
			isa = PBXFrameworksBuildPhase;
			buildActionMask = 2147483647;
			files = (
			);
			runOnlyForDeploymentPostprocessing = 0;
		};
		6C29A19F26DD3F2000590C06 /* Frameworks */ = {
			isa = PBXFrameworksBuildPhase;
			buildActionMask = 2147483647;
			files = (
			);
			runOnlyForDeploymentPostprocessing = 0;
		};
		6C29A1AA26DD3F2100590C06 /* Frameworks */ = {
			isa = PBXFrameworksBuildPhase;
			buildActionMask = 2147483647;
			files = (
			);
			runOnlyForDeploymentPostprocessing = 0;
		};
/* End PBXFrameworksBuildPhase section */

/* Begin PBXGroup section */
		6C29A18326DD3EF900590C06 = {
			isa = PBXGroup;
			children = (
				6C29A18E26DD3EF900590C06 /* Mini game */,
				6C29A1A526DD3F2000590C06 /* Mini gameTests */,
				6C29A1B026DD3F2100590C06 /* Mini gameUITests */,
				6C29A18D26DD3EF900590C06 /* Products */,
			);
			sourceTree = "<group>";
		};
		6C29A18D26DD3EF900590C06 /* Products */ = {
			isa = PBXGroup;
			children = (
				6C29A18C26DD3EF900590C06 /* Mini game.app */,
				6C29A1A226DD3F2000590C06 /* Mini gameTests.xctest */,
				6C29A1AD26DD3F2100590C06 /* Mini gameUITests.xctest */,
			);
			name = Products;
			sourceTree = "<group>";
		};
		6C29A18E26DD3EF900590C06 /* Mini game */ = {
			isa = PBXGroup;
			children = (
				6C29A18F26DD3EF900590C06 /* AppDelegate.swift */,
				6C29A19126DD3EF900590C06 /* SceneDelegate.swift */,
				6C29A19326DD3EF900590C06 /* ViewController.swift */,
				6C29A19526DD3EF900590C06 /* Main.storyboard */,
				6C29A19826DD3F1C00590C06 /* Assets.xcassets */,
				6C29A19A26DD3F1C00590C06 /* LaunchScreen.storyboard */,
				6C29A19D26DD3F1C00590C06 /* Info.plist */,
			);
			path = "Mini game";
			sourceTree = "<group>";
		};
		6C29A1A526DD3F2000590C06 /* Mini gameTests */ = {
			isa = PBXGroup;
			children = (
				6C29A1A626DD3F2000590C06 /* Mini_gameTests.swift */,
				6C29A1A826DD3F2000590C06 /* Info.plist */,
			);
			path = "Mini gameTests";
			sourceTree = "<group>";
		};
		6C29A1B026DD3F2100590C06 /* Mini gameUITests */ = {
			isa = PBXGroup;
			children = (
				6C29A1B126DD3F2100590C06 /* Mini_gameUITests.swift */,
				6C29A1B326DD3F2100590C06 /* Info.plist */,
			);
			path = "Mini gameUITests";
			sourceTree = "<group>";
		};
/* End PBXGroup section */

/* Begin PBXNativeTarget section */
		6C29A18B26DD3EF900590C06 /* Mini game */ = {
			isa = PBXNativeTarget;
			buildConfigurationList = 6C29A1B626DD3F2100590C06 /* Build configuration list for PBXNativeTarget "Mini game" */;
			buildPhases = (
				6C29A18826DD3EF900590C06 /* Sources */,
				6C29A18926DD3EF900590C06 /* Frameworks */,
				6C29A18A26DD3EF900590C06 /* Resources */,
			);
			buildRules = (
			);
			dependencies = (
			);
			name = "Mini game";
			productName = "Mini game";
			productReference = 6C29A18C26DD3EF900590C06 /* Mini game.app */;
			productType = "com.apple.product-type.application";
		};
		6C29A1A126DD3F2000590C06 /* Mini gameTests */ = {
			isa = PBXNativeTarget;
			buildConfigurationList = 6C29A1B926DD3F2100590C06 /* Build configuration list for PBXNativeTarget "Mini gameTests" */;
			buildPhases = (
				6C29A19E26DD3F2000590C06 /* Sources */,
				6C29A19F26DD3F2000590C06 /* Frameworks */,
				6C29A1A026DD3F2000590C06 /* Resources */,
			);
			buildRules = (
			);
			dependencies = (
				6C29A1A426DD3F2000590C06 /* PBXTargetDependency */,
			);
			name = "Mini gameTests";
			productName = "Mini gameTests";
			productReference = 6C29A1A226DD3F2000590C06 /* Mini gameTests.xctest */;
			productType = "com.apple.product-type.bundle.unit-test";
		};
		6C29A1AC26DD3F2100590C06 /* Mini gameUITests */ = {
			isa = PBXNativeTarget;
			buildConfigurationList = 6C29A1BC26DD3F2100590C06 /* Build configuration list for PBXNativeTarget "Mini gameUITests" */;
			buildPhases = (
				6C29A1A926DD3F2100590C06 /* Sources */,
				6C29A1AA26DD3F2100590C06 /* Frameworks */,
				6C29A1AB26DD3F2100590C06 /* Resources */,
			);
			buildRules = (
			);
			dependencies = (
				6C29A1AF26DD3F2100590C06 /* PBXTargetDependency */,
			);
			name = "Mini gameUITests";
			productName = "Mini gameUITests";
			productReference = 6C29A1AD26DD3F2100590C06 /* Mini gameUITests.xctest */;
			productType = "com.apple.product-type.bundle.ui-testing";
		};
/* End PBXNativeTarget section */

/* Begin PBXProject section */
		6C29A18426DD3EF900590C06 /* Project object */ = {
			isa = PBXProject;
			attributes = {
				LastSwiftUpdateCheck = 1250;
				LastUpgradeCheck = 1250;
				TargetAttributes = {
					6C29A18B26DD3EF900590C06 = {
						CreatedOnToolsVersion = 12.5.1;
					};
					6C29A1A126DD3F2000590C06 = {
						CreatedOnToolsVersion = 12.5.1;
						TestTargetID = 6C29A18B26DD3EF900590C06;
					};
					6C29A1AC26DD3F2100590C06 = {
						CreatedOnToolsVersion = 12.5.1;
						TestTargetID = 6C29A18B26DD3EF900590C06;
					};
				};
			};
			buildConfigurationList = 6C29A18726DD3EF900590C06 /* Build configuration list for PBXProject "Mini game" */;
			compatibilityVersion = "Xcode 9.3";
			developmentRegion = en;
			hasScannedForEncodings = 0;
			knownRegions = (
				en,
				Base,
			);
			mainGroup = 6C29A18326DD3EF900590C06;
			productRefGroup = 6C29A18D26DD3EF900590C06 /* Products */;
			projectDirPath = "";
			projectRoot = "";
			targets = (
				6C29A18B26DD3EF900590C06 /* Mini game */,
				6C29A1A126DD3F2000590C06 /* Mini gameTests */,
				6C29A1AC26DD3F2100590C06 /* Mini gameUITests */,
			);
		};
/* End PBXProject section */

/* Begin PBXResourcesBuildPhase section */
		6C29A18A26DD3EF900590C06 /* Resources */ = {
			isa = PBXResourcesBuildPhase;
			buildActionMask = 2147483647;
			files = (
				6C29A19C26DD3F1C00590C06 /* LaunchScreen.storyboard in Resources */,
				6C29A19926DD3F1C00590C06 /* Assets.xcassets in Resources */,
				6C29A19726DD3EF900590C06 /* Main.storyboard in Resources */,
			);
			runOnlyForDeploymentPostprocessing = 0;
		};
		6C29A1A026DD3F2000590C06 /* Resources */ = {
			isa = PBXResourcesBuildPhase;
			buildActionMask = 2147483647;
			files = (
			);
			runOnlyForDeploymentPostprocessing = 0;
		};
		6C29A1AB26DD3F2100590C06 /* Resources */ = {
			isa = PBXResourcesBuildPhase;
			buildActionMask = 2147483647;
			files = (
			);
			runOnlyForDeploymentPostprocessing = 0;
		};
/* End PBXResourcesBuildPhase section */

/* Begin PBXSourcesBuildPhase section */
		6C29A18826DD3EF900590C06 /* Sources */ = {
			isa = PBXSourcesBuildPhase;
			buildActionMask = 2147483647;
			files = (
				6C29A19426DD3EF900590C06 /* ViewController.swift in Sources */,
				6C29A19026DD3EF900590C06 /* AppDelegate.swift in Sources */,
				6C29A19226DD3EF900590C06 /* SceneDelegate.swift in Sources */,
			);
			runOnlyForDeploymentPostprocessing = 0;
		};
		6C29A19E26DD3F2000590C06 /* Sources */ = {
			isa = PBXSourcesBuildPhase;
			buildActionMask = 2147483647;
			files = (
				6C29A1A726DD3F2000590C06 /* Mini_gameTests.swift in Sources */,
			);
			runOnlyForDeploymentPostprocessing = 0;
		};
		6C29A1A926DD3F2100590C06 /* Sources */ = {
			isa = PBXSourcesBuildPhase;
			buildActionMask = 2147483647;
			files = (
				6C29A1B226DD3F2100590C06 /* Mini_gameUITests.swift in Sources */,
			);
			runOnlyForDeploymentPostprocessing = 0;
		};
/* End PBXSourcesBuildPhase section */

/* Begin PBXTargetDependency section */
		6C29A1A426DD3F2000590C06 /* PBXTargetDependency */ = {
			isa = PBXTargetDependency;
			target = 6C29A18B26DD3EF900590C06 /* Mini game */;
			targetProxy = 6C29A1A326DD3F2000590C06 /* PBXContainerItemProxy */;
		};
		6C29A1AF26DD3F2100590C06 /* PBXTargetDependency */ = {
			isa = PBXTargetDependency;
			target = 6C29A18B26DD3EF900590C06 /* Mini game */;
			targetProxy = 6C29A1AE26DD3F2100590C06 /* PBXContainerItemProxy */;
		};
/* End PBXTargetDependency section */

/* Begin PBXVariantGroup section */
		6C29A19526DD3EF900590C06 /* Main.storyboard */ = {
			isa = PBXVariantGroup;
			children = (
				6C29A19626DD3EF900590C06 /* Base */,
			);
			name = Main.storyboard;
			sourceTree = "<group>";
		};
		6C29A19A26DD3F1C00590C06 /* LaunchScreen.storyboard */ = {
			isa = PBXVariantGroup;
			children = (
				6C29A19B26DD3F1C00590C06 /* Base */,
			);
			name = LaunchScreen.storyboard;
			sourceTree = "<group>";
		};
/* End PBXVariantGroup section */

/* Begin XCBuildConfiguration section */
		6C29A1B426DD3F2100590C06 /* Debug */ = {
			isa = XCBuildConfiguration;
			buildSettings = {
				ALWAYS_SEARCH_USER_PATHS = NO;
				CLANG_ANALYZER_NONNULL = YES;
				CLANG_ANALYZER_NUMBER_OBJECT_CONVERSION = YES_AGGRESSIVE;
				CLANG_CXX_LANGUAGE_STANDARD = "gnu++14";
				CLANG_CXX_LIBRARY = "libc++";
				CLANG_ENABLE_MODULES = YES;
				CLANG_ENABLE_OBJC_ARC = YES;
				CLANG_ENABLE_OBJC_WEAK = YES;
				CLANG_WARN_BLOCK_CAPTURE_AUTORELEASING = YES;
				CLANG_WARN_BOOL_CONVERSION = YES;
				CLANG_WARN_COMMA = YES;
				CLANG_WARN_CONSTANT_CONVERSION = YES;
				CLANG_WARN_DEPRECATED_OBJC_IMPLEMENTATIONS = YES;
				CLANG_WARN_DIRECT_OBJC_ISA_USAGE = YES_ERROR;
				CLANG_WARN_DOCUMENTATION_COMMENTS = YES;
				CLANG_WARN_EMPTY_BODY = YES;
				CLANG_WARN_ENUM_CONVERSION = YES;
				CLANG_WARN_INFINITE_RECURSION = YES;
				CLANG_WARN_INT_CONVERSION = YES;
				CLANG_WARN_NON_LITERAL_NULL_CONVERSION = YES;
				CLANG_WARN_OBJC_IMPLICIT_RETAIN_SELF = YES;
				CLANG_WARN_OBJC_LITERAL_CONVERSION = YES;
				CLANG_WARN_OBJC_ROOT_CLASS = YES_ERROR;
				CLANG_WARN_QUOTED_INCLUDE_IN_FRAMEWORK_HEADER = YES;
				CLANG_WARN_RANGE_LOOP_ANALYSIS = YES;
				CLANG_WARN_STRICT_PROTOTYPES = YES;
				CLANG_WARN_SUSPICIOUS_MOVE = YES;
				CLANG_WARN_UNGUARDED_AVAILABILITY = YES_AGGRESSIVE;
				CLANG_WARN_UNREACHABLE_CODE = YES;
				CLANG_WARN__DUPLICATE_METHOD_MATCH = YES;
				COPY_PHASE_STRIP = NO;
				DEBUG_INFORMATION_FORMAT = dwarf;
				ENABLE_STRICT_OBJC_MSGSEND = YES;
				ENABLE_TESTABILITY = YES;
				GCC_C_LANGUAGE_STANDARD = gnu11;
				GCC_DYNAMIC_NO_PIC = NO;
				GCC_NO_COMMON_BLOCKS = YES;
				GCC_OPTIMIZATION_LEVEL = 0;
				GCC_PREPROCESSOR_DEFINITIONS = (
					"DEBUG=1",
					"$(inherited)",
				);
				GCC_WARN_64_TO_32_BIT_CONVERSION = YES;
				GCC_WARN_ABOUT_RETURN_TYPE = YES_ERROR;
				GCC_WARN_UNDECLARED_SELECTOR = YES;
				GCC_WARN_UNINITIALIZED_AUTOS = YES_AGGRESSIVE;
				GCC_WARN_UNUSED_FUNCTION = YES;
				GCC_WARN_UNUSED_VARIABLE = YES;
				IPHONEOS_DEPLOYMENT_TARGET = 14.5;
				MTL_ENABLE_DEBUG_INFO = INCLUDE_SOURCE;
				MTL_FAST_MATH = YES;
				ONLY_ACTIVE_ARCH = YES;
				SDKROOT = iphoneos;
				SWIFT_ACTIVE_COMPILATION_CONDITIONS = DEBUG;
				SWIFT_OPTIMIZATION_LEVEL = "-Onone";
			};
			name = Debug;
		};
		6C29A1B526DD3F2100590C06 /* Release */ = {
			isa = XCBuildConfiguration;
			buildSettings = {
				ALWAYS_SEARCH_USER_PATHS = NO;
				CLANG_ANALYZER_NONNULL = YES;
				CLANG_ANALYZER_NUMBER_OBJECT_CONVERSION = YES_AGGRESSIVE;
				CLANG_CXX_LANGUAGE_STANDARD = "gnu++14";
				CLANG_CXX_LIBRARY = "libc++";
				CLANG_ENABLE_MODULES = YES;
				CLANG_ENABLE_OBJC_ARC = YES;
				CLANG_ENABLE_OBJC_WEAK = YES;
				CLANG_WARN_BLOCK_CAPTURE_AUTORELEASING = YES;
				CLANG_WARN_BOOL_CONVERSION = YES;
				CLANG_WARN_COMMA = YES;
				CLANG_WARN_CONSTANT_CONVERSION = YES;
				CLANG_WARN_DEPRECATED_OBJC_IMPLEMENTATIONS = YES;
				CLANG_WARN_DIRECT_OBJC_ISA_USAGE = YES_ERROR;
				CLANG_WARN_DOCUMENTATION_COMMENTS = YES;
				CLANG_WARN_EMPTY_BODY = YES;
				CLANG_WARN_ENUM_CONVERSION = YES;
				CLANG_WARN_INFINITE_RECURSION = YES;
				CLANG_WARN_INT_CONVERSION = YES;
				CLANG_WARN_NON_LITERAL_NULL_CONVERSION = YES;
				CLANG_WARN_OBJC_IMPLICIT_RETAIN_SELF = YES;
				CLANG_WARN_OBJC_LITERAL_CONVERSION = YES;
				CLANG_WARN_OBJC_ROOT_CLASS = YES_ERROR;
				CLANG_WARN_QUOTED_INCLUDE_IN_FRAMEWORK_HEADER = YES;
				CLANG_WARN_RANGE_LOOP_ANALYSIS = YES;
				CLANG_WARN_STRICT_PROTOTYPES = YES;
				CLANG_WARN_SUSPICIOUS_MOVE = YES;
				CLANG_WARN_UNGUARDED_AVAILABILITY = YES_AGGRESSIVE;
				CLANG_WARN_UNREACHABLE_CODE = YES;
				CLANG_WARN__DUPLICATE_METHOD_MATCH = YES;
				COPY_PHASE_STRIP = NO;
				DEBUG_INFORMATION_FORMAT = "dwarf-with-dsym";
				ENABLE_NS_ASSERTIONS = NO;
				ENABLE_STRICT_OBJC_MSGSEND = YES;
				GCC_C_LANGUAGE_STANDARD = gnu11;
				GCC_NO_COMMON_BLOCKS = YES;
				GCC_WARN_64_TO_32_BIT_CONVERSION = YES;
				GCC_WARN_ABOUT_RETURN_TYPE = YES_ERROR;
				GCC_WARN_UNDECLARED_SELECTOR = YES;
				GCC_WARN_UNINITIALIZED_AUTOS = YES_AGGRESSIVE;
				GCC_WARN_UNUSED_FUNCTION = YES;
				GCC_WARN_UNUSED_VARIABLE = YES;
				IPHONEOS_DEPLOYMENT_TARGET = 14.5;
				MTL_ENABLE_DEBUG_INFO = NO;
				MTL_FAST_MATH = YES;
				SDKROOT = iphoneos;
				SWIFT_COMPILATION_MODE = wholemodule;
				SWIFT_OPTIMIZATION_LEVEL = "-O";
				VALIDATE_PRODUCT = YES;
			};
			name = Release;
		};
		6C29A1B726DD3F2100590C06 /* Debug */ = {
			isa = XCBuildConfiguration;
			buildSettings = {
				ASSETCATALOG_COMPILER_APPICON_NAME = AppIcon;
				ASSETCATALOG_COMPILER_GLOBAL_ACCENT_COLOR_NAME = AccentColor;
				CODE_SIGN_STYLE = Automatic;
				DEVELOPMENT_TEAM = VJA3B5MG2W;
				INFOPLIST_FILE = "Mini game/Info.plist";
				IPHONEOS_DEPLOYMENT_TARGET = 13.0;
				LD_RUNPATH_SEARCH_PATHS = (
					"$(inherited)",
					"@executable_path/Frameworks",
				);
				PRODUCT_BUNDLE_IDENTIFIER = "com.trananh.Mini-game";
				PRODUCT_NAME = "$(TARGET_NAME)";
				SWIFT_VERSION = 5.0;
				TARGETED_DEVICE_FAMILY = "1,2";
			};
			name = Debug;
		};
		6C29A1B826DD3F2100590C06 /* Release */ = {
			isa = XCBuildConfiguration;
			buildSettings = {
				ASSETCATALOG_COMPILER_APPICON_NAME = AppIcon;
				ASSETCATALOG_COMPILER_GLOBAL_ACCENT_COLOR_NAME = AccentColor;
				CODE_SIGN_STYLE = Automatic;
				DEVELOPMENT_TEAM = VJA3B5MG2W;
				INFOPLIST_FILE = "Mini game/Info.plist";
				IPHONEOS_DEPLOYMENT_TARGET = 13.0;
				LD_RUNPATH_SEARCH_PATHS = (
					"$(inherited)",
					"@executable_path/Frameworks",
				);
				PRODUCT_BUNDLE_IDENTIFIER = "com.trananh.Mini-game";
				PRODUCT_NAME = "$(TARGET_NAME)";
				SWIFT_VERSION = 5.0;
				TARGETED_DEVICE_FAMILY = "1,2";
			};
			name = Release;
		};
		6C29A1BA26DD3F2100590C06 /* Debug */ = {
			isa = XCBuildConfiguration;
			buildSettings = {
				ALWAYS_EMBED_SWIFT_STANDARD_LIBRARIES = YES;
				BUNDLE_LOADER = "$(TEST_HOST)";
				CODE_SIGN_STYLE = Automatic;
				DEVELOPMENT_TEAM = VJA3B5MG2W;
				INFOPLIST_FILE = "Mini gameTests/Info.plist";
				IPHONEOS_DEPLOYMENT_TARGET = 14.5;
				LD_RUNPATH_SEARCH_PATHS = (
					"$(inherited)",
					"@executable_path/Frameworks",
					"@loader_path/Frameworks",
				);
				PRODUCT_BUNDLE_IDENTIFIER = "com.trananh.Mini-gameTests";
				PRODUCT_NAME = "$(TARGET_NAME)";
				SWIFT_VERSION = 5.0;
				TARGETED_DEVICE_FAMILY = "1,2";
				TEST_HOST = "$(BUILT_PRODUCTS_DIR)/Mini game.app/Mini game";
			};
			name = Debug;
		};
		6C29A1BB26DD3F2100590C06 /* Release */ = {
			isa = XCBuildConfiguration;
			buildSettings = {
				ALWAYS_EMBED_SWIFT_STANDARD_LIBRARIES = YES;
				BUNDLE_LOADER = "$(TEST_HOST)";
				CODE_SIGN_STYLE = Automatic;
				DEVELOPMENT_TEAM = VJA3B5MG2W;
				INFOPLIST_FILE = "Mini gameTests/Info.plist";
				IPHONEOS_DEPLOYMENT_TARGET = 14.5;
				LD_RUNPATH_SEARCH_PATHS = (
					"$(inherited)",
					"@executable_path/Frameworks",
					"@loader_path/Frameworks",
				);
				PRODUCT_BUNDLE_IDENTIFIER = "com.trananh.Mini-gameTests";
				PRODUCT_NAME = "$(TARGET_NAME)";
				SWIFT_VERSION = 5.0;
				TARGETED_DEVICE_FAMILY = "1,2";
				TEST_HOST = "$(BUILT_PRODUCTS_DIR)/Mini game.app/Mini game";
			};
			name = Release;
		};
		6C29A1BD26DD3F2100590C06 /* Debug */ = {
			isa = XCBuildConfiguration;
			buildSettings = {
				ALWAYS_EMBED_SWIFT_STANDARD_LIBRARIES = YES;
				CODE_SIGN_STYLE = Automatic;
				DEVELOPMENT_TEAM = VJA3B5MG2W;
				INFOPLIST_FILE = "Mini gameUITests/Info.plist";
				LD_RUNPATH_SEARCH_PATHS = (
					"$(inherited)",
					"@executable_path/Frameworks",
					"@loader_path/Frameworks",
				);
				PRODUCT_BUNDLE_IDENTIFIER = "com.trananh.Mini-gameUITests";
				PRODUCT_NAME = "$(TARGET_NAME)";
				SWIFT_VERSION = 5.0;
				TARGETED_DEVICE_FAMILY = "1,2";
				TEST_TARGET_NAME = "Mini game";
			};
			name = Debug;
		};
		6C29A1BE26DD3F2100590C06 /* Release */ = {
			isa = XCBuildConfiguration;
			buildSettings = {
				ALWAYS_EMBED_SWIFT_STANDARD_LIBRARIES = YES;
				CODE_SIGN_STYLE = Automatic;
				DEVELOPMENT_TEAM = VJA3B5MG2W;
				INFOPLIST_FILE = "Mini gameUITests/Info.plist";
				LD_RUNPATH_SEARCH_PATHS = (
					"$(inherited)",
					"@executable_path/Frameworks",
					"@loader_path/Frameworks",
				);
				PRODUCT_BUNDLE_IDENTIFIER = "com.trananh.Mini-gameUITests";
				PRODUCT_NAME = "$(TARGET_NAME)";
				SWIFT_VERSION = 5.0;
				TARGETED_DEVICE_FAMILY = "1,2";
				TEST_TARGET_NAME = "Mini game";
			};
			name = Release;
		};
/* End XCBuildConfiguration section */

/* Begin XCConfigurationList section */
		6C29A18726DD3EF900590C06 /* Build configuration list for PBXProject "Mini game" */ = {
			isa = XCConfigurationList;
			buildConfigurations = (
				6C29A1B426DD3F2100590C06 /* Debug */,
				6C29A1B526DD3F2100590C06 /* Release */,
			);
			defaultConfigurationIsVisible = 0;
			defaultConfigurationName = Release;
		};
		6C29A1B626DD3F2100590C06 /* Build configuration list for PBXNativeTarget "Mini game" */ = {
			isa = XCConfigurationList;
			buildConfigurations = (
				6C29A1B726DD3F2100590C06 /* Debug */,
				6C29A1B826DD3F2100590C06 /* Release */,
			);
			defaultConfigurationIsVisible = 0;
			defaultConfigurationName = Release;
		};
		6C29A1B926DD3F2100590C06 /* Build configuration list for PBXNativeTarget "Mini gameTests" */ = {
			isa = XCConfigurationList;
			buildConfigurations = (
				6C29A1BA26DD3F2100590C06 /* Debug */,
				6C29A1BB26DD3F2100590C06 /* Release */,
			);
			defaultConfigurationIsVisible = 0;
			defaultConfigurationName = Release;
		};
		6C29A1BC26DD3F2100590C06 /* Build configuration list for PBXNativeTarget "Mini gameUITests" */ = {
			isa = XCConfigurationList;
			buildConfigurations = (
				6C29A1BD26DD3F2100590C06 /* Debug */,
				6C29A1BE26DD3F2100590C06 /* Release */,
			);
			defaultConfigurationIsVisible = 0;
			defaultConfigurationName = Release;
		};
/* End XCConfigurationList section */
	};
	rootObject = 6C29A18426DD3EF900590C06 /* Project object */;
}
